// !$*UTF8*$!
{
	archiveVersion = 1;
	classes = {
	};
	objectVersion = 46;
	objects = {

/* Begin PBXBuildFile section */
		313742B41B27FF2900E3DF58 /* TypeViewController.m in Sources */ = {isa = PBXBuildFile; fileRef = 313742B31B27FF2900E3DF58 /* TypeViewController.m */; };
		313FA61A1B2797FF0095A365 /* DaysViewController.m in Sources */ = {isa = PBXBuildFile; fileRef = 313FA6191B2797FF0095A365 /* DaysViewController.m */; };
		313FA61D1B2798790095A365 /* TransitionAnimator.m in Sources */ = {isa = PBXBuildFile; fileRef = 313FA61C1B2798790095A365 /* TransitionAnimator.m */; };
		314384DD1B32D23F006B4B6C /* StartRatingControl.m in Sources */ = {isa = PBXBuildFile; fileRef = 314384DC1B32D23F006B4B6C /* StartRatingControl.m */; };
		31B20C291B271DC500247370 /* RatingView.m in Sources */ = {isa = PBXBuildFile; fileRef = 31B20C281B271DC500247370 /* RatingView.m */; };
		31B20C2C1B271EEC00247370 /* MovieCell.m in Sources */ = {isa = PBXBuildFile; fileRef = 31B20C2B1B271EEC00247370 /* MovieCell.m */; };
		31B20C351B272A6B00247370 /* SortOptionsViewController.m in Sources */ = {isa = PBXBuildFile; fileRef = 31B20C341B272A6B00247370 /* SortOptionsViewController.m */; };
		31B20C381B2739E400247370 /* AccountViewController.m in Sources */ = {isa = PBXBuildFile; fileRef = 31B20C371B2739E400247370 /* AccountViewController.m */; };
		31B20C3B1B273A7000247370 /* LoginViewController.m in Sources */ = {isa = PBXBuildFile; fileRef = 31B20C3A1B273A7000247370 /* LoginViewController.m */; };
		31B20C3D1B274DAF00247370 /* Images.xcassets in Resources */ = {isa = PBXBuildFile; fileRef = 31B20C3C1B274DAF00247370 /* Images.xcassets */; };
		31BD42C01B2977BB0095770F /* TicketsView.m in Sources */ = {isa = PBXBuildFile; fileRef = 31BD42BF1B2977BB0095770F /* TicketsView.m */; };
		31E07E661B36E1B000BE39CA /* DropTransitionAnimator.m in Sources */ = {isa = PBXBuildFile; fileRef = 31E07E651B36E1B000BE39CA /* DropTransitionAnimator.m */; };
		31E07E691B36E24F00BE39CA /* DropTicketViewController.m in Sources */ = {isa = PBXBuildFile; fileRef = 31E07E681B36E24F00BE39CA /* DropTicketViewController.m */; };
		49B787D51B372179004EA347 /* UserImagePickerViewController.m in Sources */ = {isa = PBXBuildFile; fileRef = 49B787D41B372179004EA347 /* UserImagePickerViewController.m */; };
		49C09E0B1B343DEA00E2AF0D /* CinemaPickerView.m in Sources */ = {isa = PBXBuildFile; fileRef = 49C09E0A1B343DEA00E2AF0D /* CinemaPickerView.m */; };
		49C4D0D61B2AAF20009E33BF /* MapViewController.m in Sources */ = {isa = PBXBuildFile; fileRef = 49C4D0D51B2AAF20009E33BF /* MapViewController.m */; };
		49C4D0D81B2AB2B5009E33BF /* MapKit.framework in Frameworks */ = {isa = PBXBuildFile; fileRef = 49C4D0D71B2AB2B5009E33BF /* MapKit.framework */; };
		49C88D5D1B28510300FCFFA8 /* GenreViewController.m in Sources */ = {isa = PBXBuildFile; fileRef = 49C88D5C1B28510300FCFFA8 /* GenreViewController.m */; };
		9517C3001B11FB3A00542CE1 /* main.m in Sources */ = {isa = PBXBuildFile; fileRef = 9517C2FF1B11FB3A00542CE1 /* main.m */; };
		9517C3031B11FB3A00542CE1 /* AppDelegate.m in Sources */ = {isa = PBXBuildFile; fileRef = 9517C3021B11FB3A00542CE1 /* AppDelegate.m */; };
		9517C3061B11FB3A00542CE1 /* VVKCinema.xcdatamodeld in Sources */ = {isa = PBXBuildFile; fileRef = 9517C3041B11FB3A00542CE1 /* VVKCinema.xcdatamodeld */; };
		9517C3091B11FB3A00542CE1 /* ViewController.m in Sources */ = {isa = PBXBuildFile; fileRef = 9517C3081B11FB3A00542CE1 /* ViewController.m */; };
		9517C30C1B11FB3A00542CE1 /* Main.storyboard in Resources */ = {isa = PBXBuildFile; fileRef = 9517C30A1B11FB3A00542CE1 /* Main.storyboard */; };
		9517C3111B11FB3A00542CE1 /* LaunchScreen.xib in Resources */ = {isa = PBXBuildFile; fileRef = 9517C30F1B11FB3A00542CE1 /* LaunchScreen.xib */; };
		9517C31D1B11FB3A00542CE1 /* VVKCinemaTests.m in Sources */ = {isa = PBXBuildFile; fileRef = 9517C31C1B11FB3A00542CE1 /* VVKCinemaTests.m */; };
		956FFCE61B2E1EB200A429D8 /* Movie.m in Sources */ = {isa = PBXBuildFile; fileRef = 956FFCE51B2E1EB200A429D8 /* Movie.m */; };
		956FFCE91B2E22C900A429D8 /* VVKCinemaInfo.m in Sources */ = {isa = PBXBuildFile; fileRef = 956FFCE81B2E22C900A429D8 /* VVKCinemaInfo.m */; };
		956FFCEC1B2EE9B300A429D8 /* DayCell.m in Sources */ = {isa = PBXBuildFile; fileRef = 956FFCEB1B2EE9B300A429D8 /* DayCell.m */; };
		956FFCF21B2F0CE300A429D8 /* CoreDataInfo.m in Sources */ = {isa = PBXBuildFile; fileRef = 956FFCF11B2F0CE300A429D8 /* CoreDataInfo.m */; };
		956FFCF51B30C99500A429D8 /* DetailsViewController.m in Sources */ = {isa = PBXBuildFile; fileRef = 956FFCF41B30C99500A429D8 /* DetailsViewController.m */; };
		956FFCFB1B322A0B00A429D8 /* RegisterViewController.m in Sources */ = {isa = PBXBuildFile; fileRef = 956FFCFA1B322A0B00A429D8 /* RegisterViewController.m */; };
		956FFD031B330FDA00A429D8 /* FBSDKCoreKit.framework in Frameworks */ = {isa = PBXBuildFile; fileRef = 956FFD001B330FDA00A429D8 /* FBSDKCoreKit.framework */; };
		956FFD041B330FDA00A429D8 /* FBSDKLoginKit.framework in Frameworks */ = {isa = PBXBuildFile; fileRef = 956FFD011B330FDA00A429D8 /* FBSDKLoginKit.framework */; };
		956FFD051B330FDA00A429D8 /* FBSDKShareKit.framework in Frameworks */ = {isa = PBXBuildFile; fileRef = 956FFD021B330FDA00A429D8 /* FBSDKShareKit.framework */; };
		95907E771B34878B0097040E /* Projection.m in Sources */ = {isa = PBXBuildFile; fileRef = 95907E761B34878B0097040E /* Projection.m */; };
		95907E7A1B359E740097040E /* SeatPickerControl.m in Sources */ = {isa = PBXBuildFile; fileRef = 95907E791B359E740097040E /* SeatPickerControl.m */; };
		95907E7D1B35A3070097040E /* BookViewController.m in Sources */ = {isa = PBXBuildFile; fileRef = 95907E7C1B35A3070097040E /* BookViewController.m */; };
		95957DC01B3825680027AE3C /* Ticket.m in Sources */ = {isa = PBXBuildFile; fileRef = 95957DBF1B3825680027AE3C /* Ticket.m */; };
		95957DC91B38ADC50027AE3C /* User.m in Sources */ = {isa = PBXBuildFile; fileRef = 95957DC81B38ADC50027AE3C /* User.m */; };
		95E727661B299DCC007C62AA /* ParseInfo.m in Sources */ = {isa = PBXBuildFile; fileRef = 95E727651B299DCC007C62AA /* ParseInfo.m */; };
		95E7276F1B29EB8C007C62AA /* Country.m in Sources */ = {isa = PBXBuildFile; fileRef = 95E7276E1B29EB8C007C62AA /* Country.m */; };
		95E727721B29ED13007C62AA /* Director.m in Sources */ = {isa = PBXBuildFile; fileRef = 95E727711B29ED13007C62AA /* Director.m */; };
		95E727751B29EE0A007C62AA /* Language.m in Sources */ = {isa = PBXBuildFile; fileRef = 95E727741B29EE0A007C62AA /* Language.m */; };
		95E7277B1B2B27D2007C62AA /* Actor.m in Sources */ = {isa = PBXBuildFile; fileRef = 95E7277A1B2B27D2007C62AA /* Actor.m */; };
		95E727811B2B29D0007C62AA /* Genre.m in Sources */ = {isa = PBXBuildFile; fileRef = 95E727801B2B29D0007C62AA /* Genre.m */; };
		95E727841B2B2A8E007C62AA /* Hall.m in Sources */ = {isa = PBXBuildFile; fileRef = 95E727831B2B2A8E007C62AA /* Hall.m */; };
		95E727871B2B306C007C62AA /* ProjectionType.m in Sources */ = {isa = PBXBuildFile; fileRef = 95E727861B2B306C007C62AA /* ProjectionType.m */; };
		95E7278D1B2B3C2A007C62AA /* Seat.m in Sources */ = {isa = PBXBuildFile; fileRef = 95E7278C1B2B3C2A007C62AA /* Seat.m */; };
		95E727901B2B3F3C007C62AA /* TicketType.m in Sources */ = {isa = PBXBuildFile; fileRef = 95E7278F1B2B3F3C007C62AA /* TicketType.m */; };
/* End PBXBuildFile section */

/* Begin PBXContainerItemProxy section */
		9517C3171B11FB3A00542CE1 /* PBXContainerItemProxy */ = {
			isa = PBXContainerItemProxy;
			containerPortal = 9517C2F21B11FB3A00542CE1 /* Project object */;
			proxyType = 1;
			remoteGlobalIDString = 9517C2F91B11FB3A00542CE1;
			remoteInfo = VVKCinema;
		};
/* End PBXContainerItemProxy section */

/* Begin PBXFileReference section */
		313742B21B27FF2900E3DF58 /* TypeViewController.h */ = {isa = PBXFileReference; fileEncoding = 4; lastKnownFileType = sourcecode.c.h; path = TypeViewController.h; sourceTree = "<group>"; };
		313742B31B27FF2900E3DF58 /* TypeViewController.m */ = {isa = PBXFileReference; fileEncoding = 4; lastKnownFileType = sourcecode.c.objc; path = TypeViewController.m; sourceTree = "<group>"; };
		313FA6181B2797FF0095A365 /* DaysViewController.h */ = {isa = PBXFileReference; fileEncoding = 4; lastKnownFileType = sourcecode.c.h; path = DaysViewController.h; sourceTree = "<group>"; };
		313FA6191B2797FF0095A365 /* DaysViewController.m */ = {isa = PBXFileReference; fileEncoding = 4; lastKnownFileType = sourcecode.c.objc; path = DaysViewController.m; sourceTree = "<group>"; };
		313FA61B1B2798790095A365 /* TransitionAnimator.h */ = {isa = PBXFileReference; fileEncoding = 4; lastKnownFileType = sourcecode.c.h; path = TransitionAnimator.h; sourceTree = "<group>"; };
		313FA61C1B2798790095A365 /* TransitionAnimator.m */ = {isa = PBXFileReference; fileEncoding = 4; lastKnownFileType = sourcecode.c.objc; path = TransitionAnimator.m; sourceTree = "<group>"; };
		314384DB1B32D23F006B4B6C /* StartRatingControl.h */ = {isa = PBXFileReference; fileEncoding = 4; lastKnownFileType = sourcecode.c.h; path = StartRatingControl.h; sourceTree = "<group>"; };
		314384DC1B32D23F006B4B6C /* StartRatingControl.m */ = {isa = PBXFileReference; fileEncoding = 4; lastKnownFileType = sourcecode.c.objc; path = StartRatingControl.m; sourceTree = "<group>"; };
		31B20C271B271DC500247370 /* RatingView.h */ = {isa = PBXFileReference; fileEncoding = 4; lastKnownFileType = sourcecode.c.h; path = RatingView.h; sourceTree = "<group>"; };
		31B20C281B271DC500247370 /* RatingView.m */ = {isa = PBXFileReference; fileEncoding = 4; lastKnownFileType = sourcecode.c.objc; path = RatingView.m; sourceTree = "<group>"; };
		31B20C2A1B271EEC00247370 /* MovieCell.h */ = {isa = PBXFileReference; fileEncoding = 4; lastKnownFileType = sourcecode.c.h; path = MovieCell.h; sourceTree = "<group>"; };
		31B20C2B1B271EEC00247370 /* MovieCell.m */ = {isa = PBXFileReference; fileEncoding = 4; lastKnownFileType = sourcecode.c.objc; path = MovieCell.m; sourceTree = "<group>"; };
		31B20C331B272A6B00247370 /* SortOptionsViewController.h */ = {isa = PBXFileReference; fileEncoding = 4; lastKnownFileType = sourcecode.c.h; path = SortOptionsViewController.h; sourceTree = "<group>"; };
		31B20C341B272A6B00247370 /* SortOptionsViewController.m */ = {isa = PBXFileReference; fileEncoding = 4; lastKnownFileType = sourcecode.c.objc; path = SortOptionsViewController.m; sourceTree = "<group>"; };
		31B20C361B2739E400247370 /* AccountViewController.h */ = {isa = PBXFileReference; fileEncoding = 4; lastKnownFileType = sourcecode.c.h; path = AccountViewController.h; sourceTree = "<group>"; };
		31B20C371B2739E400247370 /* AccountViewController.m */ = {isa = PBXFileReference; fileEncoding = 4; lastKnownFileType = sourcecode.c.objc; path = AccountViewController.m; sourceTree = "<group>"; };
		31B20C391B273A7000247370 /* LoginViewController.h */ = {isa = PBXFileReference; fileEncoding = 4; lastKnownFileType = sourcecode.c.h; path = LoginViewController.h; sourceTree = "<group>"; };
		31B20C3A1B273A7000247370 /* LoginViewController.m */ = {isa = PBXFileReference; fileEncoding = 4; lastKnownFileType = sourcecode.c.objc; path = LoginViewController.m; sourceTree = "<group>"; };
		31B20C3C1B274DAF00247370 /* Images.xcassets */ = {isa = PBXFileReference; lastKnownFileType = folder.assetcatalog; path = Images.xcassets; sourceTree = "<group>"; };
		31BD42BE1B2977BB0095770F /* TicketsView.h */ = {isa = PBXFileReference; fileEncoding = 4; lastKnownFileType = sourcecode.c.h; path = TicketsView.h; sourceTree = "<group>"; };
		31BD42BF1B2977BB0095770F /* TicketsView.m */ = {isa = PBXFileReference; fileEncoding = 4; lastKnownFileType = sourcecode.c.objc; path = TicketsView.m; sourceTree = "<group>"; };
		31E07E641B36E1B000BE39CA /* DropTransitionAnimator.h */ = {isa = PBXFileReference; fileEncoding = 4; lastKnownFileType = sourcecode.c.h; path = DropTransitionAnimator.h; sourceTree = "<group>"; };
		31E07E651B36E1B000BE39CA /* DropTransitionAnimator.m */ = {isa = PBXFileReference; fileEncoding = 4; lastKnownFileType = sourcecode.c.objc; path = DropTransitionAnimator.m; sourceTree = "<group>"; };
		31E07E671B36E24F00BE39CA /* DropTicketViewController.h */ = {isa = PBXFileReference; fileEncoding = 4; lastKnownFileType = sourcecode.c.h; path = DropTicketViewController.h; sourceTree = "<group>"; };
		31E07E681B36E24F00BE39CA /* DropTicketViewController.m */ = {isa = PBXFileReference; fileEncoding = 4; lastKnownFileType = sourcecode.c.objc; path = DropTicketViewController.m; sourceTree = "<group>"; };
		49B787D31B372179004EA347 /* UserImagePickerViewController.h */ = {isa = PBXFileReference; fileEncoding = 4; lastKnownFileType = sourcecode.c.h; path = UserImagePickerViewController.h; sourceTree = "<group>"; };
		49B787D41B372179004EA347 /* UserImagePickerViewController.m */ = {isa = PBXFileReference; fileEncoding = 4; lastKnownFileType = sourcecode.c.objc; path = UserImagePickerViewController.m; sourceTree = "<group>"; };
		49C09E091B343DEA00E2AF0D /* CinemaPickerView.h */ = {isa = PBXFileReference; fileEncoding = 4; lastKnownFileType = sourcecode.c.h; path = CinemaPickerView.h; sourceTree = "<group>"; };
		49C09E0A1B343DEA00E2AF0D /* CinemaPickerView.m */ = {isa = PBXFileReference; fileEncoding = 4; lastKnownFileType = sourcecode.c.objc; path = CinemaPickerView.m; sourceTree = "<group>"; };
		49C4D0D41B2AAF20009E33BF /* MapViewController.h */ = {isa = PBXFileReference; fileEncoding = 4; lastKnownFileType = sourcecode.c.h; path = MapViewController.h; sourceTree = "<group>"; };
		49C4D0D51B2AAF20009E33BF /* MapViewController.m */ = {isa = PBXFileReference; fileEncoding = 4; lastKnownFileType = sourcecode.c.objc; path = MapViewController.m; sourceTree = "<group>"; };
		49C4D0D71B2AB2B5009E33BF /* MapKit.framework */ = {isa = PBXFileReference; lastKnownFileType = wrapper.framework; name = MapKit.framework; path = System/Library/Frameworks/MapKit.framework; sourceTree = SDKROOT; };
		49C88D5B1B28510300FCFFA8 /* GenreViewController.h */ = {isa = PBXFileReference; fileEncoding = 4; lastKnownFileType = sourcecode.c.h; path = GenreViewController.h; sourceTree = "<group>"; };
		49C88D5C1B28510300FCFFA8 /* GenreViewController.m */ = {isa = PBXFileReference; fileEncoding = 4; lastKnownFileType = sourcecode.c.objc; path = GenreViewController.m; sourceTree = "<group>"; };
		9517C2FA1B11FB3A00542CE1 /* VVKCinema.app */ = {isa = PBXFileReference; explicitFileType = wrapper.application; includeInIndex = 0; path = VVKCinema.app; sourceTree = BUILT_PRODUCTS_DIR; };
		9517C2FE1B11FB3A00542CE1 /* Info.plist */ = {isa = PBXFileReference; lastKnownFileType = text.plist.xml; path = Info.plist; sourceTree = "<group>"; };
		9517C2FF1B11FB3A00542CE1 /* main.m */ = {isa = PBXFileReference; lastKnownFileType = sourcecode.c.objc; path = main.m; sourceTree = "<group>"; };
		9517C3011B11FB3A00542CE1 /* AppDelegate.h */ = {isa = PBXFileReference; lastKnownFileType = sourcecode.c.h; path = AppDelegate.h; sourceTree = "<group>"; };
		9517C3021B11FB3A00542CE1 /* AppDelegate.m */ = {isa = PBXFileReference; lastKnownFileType = sourcecode.c.objc; path = AppDelegate.m; sourceTree = "<group>"; };
		9517C3051B11FB3A00542CE1 /* VVKCinema.xcdatamodel */ = {isa = PBXFileReference; lastKnownFileType = wrapper.xcdatamodel; path = VVKCinema.xcdatamodel; sourceTree = "<group>"; };
		9517C3071B11FB3A00542CE1 /* ViewController.h */ = {isa = PBXFileReference; lastKnownFileType = sourcecode.c.h; path = ViewController.h; sourceTree = "<group>"; };
		9517C3081B11FB3A00542CE1 /* ViewController.m */ = {isa = PBXFileReference; lastKnownFileType = sourcecode.c.objc; path = ViewController.m; sourceTree = "<group>"; };
		9517C30B1B11FB3A00542CE1 /* Base */ = {isa = PBXFileReference; lastKnownFileType = file.storyboard; name = Base; path = Base.lproj/Main.storyboard; sourceTree = "<group>"; };
		9517C3101B11FB3A00542CE1 /* Base */ = {isa = PBXFileReference; lastKnownFileType = file.xib; name = Base; path = Base.lproj/LaunchScreen.xib; sourceTree = "<group>"; };
		9517C3161B11FB3A00542CE1 /* VVKCinemaTests.xctest */ = {isa = PBXFileReference; explicitFileType = wrapper.cfbundle; includeInIndex = 0; path = VVKCinemaTests.xctest; sourceTree = BUILT_PRODUCTS_DIR; };
		9517C31B1B11FB3A00542CE1 /* Info.plist */ = {isa = PBXFileReference; lastKnownFileType = text.plist.xml; path = Info.plist; sourceTree = "<group>"; };
		9517C31C1B11FB3A00542CE1 /* VVKCinemaTests.m */ = {isa = PBXFileReference; lastKnownFileType = sourcecode.c.objc; path = VVKCinemaTests.m; sourceTree = "<group>"; };
		956FFCE41B2E1EB200A429D8 /* Movie.h */ = {isa = PBXFileReference; fileEncoding = 4; lastKnownFileType = sourcecode.c.h; name = Movie.h; path = CDModels/Movie.h; sourceTree = "<group>"; };
		956FFCE51B2E1EB200A429D8 /* Movie.m */ = {isa = PBXFileReference; fileEncoding = 4; lastKnownFileType = sourcecode.c.objc; name = Movie.m; path = CDModels/Movie.m; sourceTree = "<group>"; };
		956FFCE71B2E22C900A429D8 /* VVKCinemaInfo.h */ = {isa = PBXFileReference; fileEncoding = 4; lastKnownFileType = sourcecode.c.h; name = VVKCinemaInfo.h; path = Controllers/VVKCinemaInfo.h; sourceTree = "<group>"; };
		956FFCE81B2E22C900A429D8 /* VVKCinemaInfo.m */ = {isa = PBXFileReference; fileEncoding = 4; lastKnownFileType = sourcecode.c.objc; name = VVKCinemaInfo.m; path = Controllers/VVKCinemaInfo.m; sourceTree = "<group>"; };
		956FFCEA1B2EE9B300A429D8 /* DayCell.h */ = {isa = PBXFileReference; fileEncoding = 4; lastKnownFileType = sourcecode.c.h; name = DayCell.h; path = Cells/DayCell.h; sourceTree = "<group>"; };
		956FFCEB1B2EE9B300A429D8 /* DayCell.m */ = {isa = PBXFileReference; fileEncoding = 4; lastKnownFileType = sourcecode.c.objc; name = DayCell.m; path = Cells/DayCell.m; sourceTree = "<group>"; };
		956FFCF01B2F0CE300A429D8 /* CoreDataInfo.h */ = {isa = PBXFileReference; fileEncoding = 4; lastKnownFileType = sourcecode.c.h; name = CoreDataInfo.h; path = Controllers/CoreDataInfo.h; sourceTree = "<group>"; };
		956FFCF11B2F0CE300A429D8 /* CoreDataInfo.m */ = {isa = PBXFileReference; fileEncoding = 4; lastKnownFileType = sourcecode.c.objc; name = CoreDataInfo.m; path = Controllers/CoreDataInfo.m; sourceTree = "<group>"; };
		956FFCF31B30C99500A429D8 /* DetailsViewController.h */ = {isa = PBXFileReference; fileEncoding = 4; lastKnownFileType = sourcecode.c.h; name = DetailsViewController.h; path = ViewControllers/DetailsViewController.h; sourceTree = "<group>"; };
		956FFCF41B30C99500A429D8 /* DetailsViewController.m */ = {isa = PBXFileReference; fileEncoding = 4; lastKnownFileType = sourcecode.c.objc; name = DetailsViewController.m; path = ViewControllers/DetailsViewController.m; sourceTree = "<group>"; };
		956FFCF91B322A0B00A429D8 /* RegisterViewController.h */ = {isa = PBXFileReference; fileEncoding = 4; lastKnownFileType = sourcecode.c.h; name = RegisterViewController.h; path = ViewControllers/RegisterViewController.h; sourceTree = "<group>"; };
		956FFCFA1B322A0B00A429D8 /* RegisterViewController.m */ = {isa = PBXFileReference; fileEncoding = 4; lastKnownFileType = sourcecode.c.objc; name = RegisterViewController.m; path = ViewControllers/RegisterViewController.m; sourceTree = "<group>"; };
		956FFD001B330FDA00A429D8 /* FBSDKCoreKit.framework */ = {isa = PBXFileReference; lastKnownFileType = wrapper.framework; name = FBSDKCoreKit.framework; path = Frameworks/FBSDKCoreKit.framework; sourceTree = "<group>"; };
		956FFD011B330FDA00A429D8 /* FBSDKLoginKit.framework */ = {isa = PBXFileReference; lastKnownFileType = wrapper.framework; name = FBSDKLoginKit.framework; path = Frameworks/FBSDKLoginKit.framework; sourceTree = "<group>"; };
		956FFD021B330FDA00A429D8 /* FBSDKShareKit.framework */ = {isa = PBXFileReference; lastKnownFileType = wrapper.framework; name = FBSDKShareKit.framework; path = Frameworks/FBSDKShareKit.framework; sourceTree = "<group>"; };
		95907E751B34878B0097040E /* Projection.h */ = {isa = PBXFileReference; fileEncoding = 4; lastKnownFileType = sourcecode.c.h; name = Projection.h; path = CDModels/Projection.h; sourceTree = "<group>"; };
		95907E761B34878B0097040E /* Projection.m */ = {isa = PBXFileReference; fileEncoding = 4; lastKnownFileType = sourcecode.c.objc; name = Projection.m; path = CDModels/Projection.m; sourceTree = "<group>"; };
		95907E781B359E740097040E /* SeatPickerControl.h */ = {isa = PBXFileReference; fileEncoding = 4; lastKnownFileType = sourcecode.c.h; path = SeatPickerControl.h; sourceTree = "<group>"; };
		95907E791B359E740097040E /* SeatPickerControl.m */ = {isa = PBXFileReference; fileEncoding = 4; lastKnownFileType = sourcecode.c.objc; path = SeatPickerControl.m; sourceTree = "<group>"; };
		95907E7B1B35A3070097040E /* BookViewController.h */ = {isa = PBXFileReference; fileEncoding = 4; lastKnownFileType = sourcecode.c.h; name = BookViewController.h; path = ViewControllers/BookViewController.h; sourceTree = "<group>"; };
		95907E7C1B35A3070097040E /* BookViewController.m */ = {isa = PBXFileReference; fileEncoding = 4; lastKnownFileType = sourcecode.c.objc; name = BookViewController.m; path = ViewControllers/BookViewController.m; sourceTree = "<group>"; };
		95957DBE1B3825680027AE3C /* Ticket.h */ = {isa = PBXFileReference; fileEncoding = 4; lastKnownFileType = sourcecode.c.h; name = Ticket.h; path = CDModels/Ticket.h; sourceTree = "<group>"; };
		95957DBF1B3825680027AE3C /* Ticket.m */ = {isa = PBXFileReference; fileEncoding = 4; lastKnownFileType = sourcecode.c.objc; name = Ticket.m; path = CDModels/Ticket.m; sourceTree = "<group>"; };
		95957DC71B38ADC50027AE3C /* User.h */ = {isa = PBXFileReference; fileEncoding = 4; lastKnownFileType = sourcecode.c.h; name = User.h; path = CDModels/User.h; sourceTree = "<group>"; };
		95957DC81B38ADC50027AE3C /* User.m */ = {isa = PBXFileReference; fileEncoding = 4; lastKnownFileType = sourcecode.c.objc; name = User.m; path = CDModels/User.m; sourceTree = "<group>"; };
		95E727641B299DCC007C62AA /* ParseInfo.h */ = {isa = PBXFileReference; fileEncoding = 4; lastKnownFileType = sourcecode.c.h; name = ParseInfo.h; path = Controllers/ParseInfo.h; sourceTree = "<group>"; };
		95E727651B299DCC007C62AA /* ParseInfo.m */ = {isa = PBXFileReference; fileEncoding = 4; lastKnownFileType = sourcecode.c.objc; name = ParseInfo.m; path = Controllers/ParseInfo.m; sourceTree = "<group>"; };
		95E7276D1B29EB8C007C62AA /* Country.h */ = {isa = PBXFileReference; fileEncoding = 4; lastKnownFileType = sourcecode.c.h; name = Country.h; path = CDModels/Country.h; sourceTree = "<group>"; };
		95E7276E1B29EB8C007C62AA /* Country.m */ = {isa = PBXFileReference; fileEncoding = 4; lastKnownFileType = sourcecode.c.objc; name = Country.m; path = CDModels/Country.m; sourceTree = "<group>"; };
		95E727701B29ED13007C62AA /* Director.h */ = {isa = PBXFileReference; fileEncoding = 4; lastKnownFileType = sourcecode.c.h; name = Director.h; path = CDModels/Director.h; sourceTree = "<group>"; };
		95E727711B29ED13007C62AA /* Director.m */ = {isa = PBXFileReference; fileEncoding = 4; lastKnownFileType = sourcecode.c.objc; name = Director.m; path = CDModels/Director.m; sourceTree = "<group>"; };
		95E727731B29EE0A007C62AA /* Language.h */ = {isa = PBXFileReference; fileEncoding = 4; lastKnownFileType = sourcecode.c.h; name = Language.h; path = CDModels/Language.h; sourceTree = "<group>"; };
		95E727741B29EE0A007C62AA /* Language.m */ = {isa = PBXFileReference; fileEncoding = 4; lastKnownFileType = sourcecode.c.objc; name = Language.m; path = CDModels/Language.m; sourceTree = "<group>"; };
		95E727791B2B27D2007C62AA /* Actor.h */ = {isa = PBXFileReference; fileEncoding = 4; lastKnownFileType = sourcecode.c.h; name = Actor.h; path = CDModels/Actor.h; sourceTree = "<group>"; };
		95E7277A1B2B27D2007C62AA /* Actor.m */ = {isa = PBXFileReference; fileEncoding = 4; lastKnownFileType = sourcecode.c.objc; name = Actor.m; path = CDModels/Actor.m; sourceTree = "<group>"; };
		95E7277F1B2B29D0007C62AA /* Genre.h */ = {isa = PBXFileReference; fileEncoding = 4; lastKnownFileType = sourcecode.c.h; name = Genre.h; path = CDModels/Genre.h; sourceTree = "<group>"; };
		95E727801B2B29D0007C62AA /* Genre.m */ = {isa = PBXFileReference; fileEncoding = 4; lastKnownFileType = sourcecode.c.objc; name = Genre.m; path = CDModels/Genre.m; sourceTree = "<group>"; };
		95E727821B2B2A8E007C62AA /* Hall.h */ = {isa = PBXFileReference; fileEncoding = 4; lastKnownFileType = sourcecode.c.h; name = Hall.h; path = CDModels/Hall.h; sourceTree = "<group>"; };
		95E727831B2B2A8E007C62AA /* Hall.m */ = {isa = PBXFileReference; fileEncoding = 4; lastKnownFileType = sourcecode.c.objc; name = Hall.m; path = CDModels/Hall.m; sourceTree = "<group>"; };
		95E727851B2B306C007C62AA /* ProjectionType.h */ = {isa = PBXFileReference; fileEncoding = 4; lastKnownFileType = sourcecode.c.h; name = ProjectionType.h; path = CDModels/ProjectionType.h; sourceTree = "<group>"; };
		95E727861B2B306C007C62AA /* ProjectionType.m */ = {isa = PBXFileReference; fileEncoding = 4; lastKnownFileType = sourcecode.c.objc; name = ProjectionType.m; path = CDModels/ProjectionType.m; sourceTree = "<group>"; };
		95E7278B1B2B3C2A007C62AA /* Seat.h */ = {isa = PBXFileReference; fileEncoding = 4; lastKnownFileType = sourcecode.c.h; name = Seat.h; path = CDModels/Seat.h; sourceTree = "<group>"; };
		95E7278C1B2B3C2A007C62AA /* Seat.m */ = {isa = PBXFileReference; fileEncoding = 4; lastKnownFileType = sourcecode.c.objc; name = Seat.m; path = CDModels/Seat.m; sourceTree = "<group>"; };
		95E7278E1B2B3F3C007C62AA /* TicketType.h */ = {isa = PBXFileReference; fileEncoding = 4; lastKnownFileType = sourcecode.c.h; name = TicketType.h; path = CDModels/TicketType.h; sourceTree = "<group>"; };
		95E7278F1B2B3F3C007C62AA /* TicketType.m */ = {isa = PBXFileReference; fileEncoding = 4; lastKnownFileType = sourcecode.c.objc; name = TicketType.m; path = CDModels/TicketType.m; sourceTree = "<group>"; };
/* End PBXFileReference section */

/* Begin PBXFrameworksBuildPhase section */
		9517C2F71B11FB3A00542CE1 /* Frameworks */ = {
			isa = PBXFrameworksBuildPhase;
			buildActionMask = 2147483647;
			files = (
				956FFD051B330FDA00A429D8 /* FBSDKShareKit.framework in Frameworks */,
				49C4D0D81B2AB2B5009E33BF /* MapKit.framework in Frameworks */,
				956FFD031B330FDA00A429D8 /* FBSDKCoreKit.framework in Frameworks */,
				956FFD041B330FDA00A429D8 /* FBSDKLoginKit.framework in Frameworks */,
			);
			runOnlyForDeploymentPostprocessing = 0;
		};
		9517C3131B11FB3A00542CE1 /* Frameworks */ = {
			isa = PBXFrameworksBuildPhase;
			buildActionMask = 2147483647;
			files = (
			);
			runOnlyForDeploymentPostprocessing = 0;
		};
/* End PBXFrameworksBuildPhase section */

/* Begin PBXGroup section */
		313FA61E1B2798890095A365 /* Transition Animator */ = {
			isa = PBXGroup;
			children = (
				313FA61B1B2798790095A365 /* TransitionAnimator.h */,
				313FA61C1B2798790095A365 /* TransitionAnimator.m */,
				31E07E641B36E1B000BE39CA /* DropTransitionAnimator.h */,
				31E07E651B36E1B000BE39CA /* DropTransitionAnimator.m */,
			);
			name = "Transition Animator";
			sourceTree = "<group>";
		};
		313FA61F1B279E6B0095A365 /* View Controllers */ = {
			isa = PBXGroup;
			children = (
				9517C3071B11FB3A00542CE1 /* ViewController.h */,
				9517C3081B11FB3A00542CE1 /* ViewController.m */,
				31B20C331B272A6B00247370 /* SortOptionsViewController.h */,
				31B20C341B272A6B00247370 /* SortOptionsViewController.m */,
				31B20C361B2739E400247370 /* AccountViewController.h */,
				31B20C371B2739E400247370 /* AccountViewController.m */,
				31B20C391B273A7000247370 /* LoginViewController.h */,
				31B20C3A1B273A7000247370 /* LoginViewController.m */,
				956FFCF91B322A0B00A429D8 /* RegisterViewController.h */,
				956FFCFA1B322A0B00A429D8 /* RegisterViewController.m */,
				313FA6181B2797FF0095A365 /* DaysViewController.h */,
				313FA6191B2797FF0095A365 /* DaysViewController.m */,
				313742B21B27FF2900E3DF58 /* TypeViewController.h */,
				313742B31B27FF2900E3DF58 /* TypeViewController.m */,
				49C88D5B1B28510300FCFFA8 /* GenreViewController.h */,
				49C88D5C1B28510300FCFFA8 /* GenreViewController.m */,
				49C4D0D41B2AAF20009E33BF /* MapViewController.h */,
				49C4D0D51B2AAF20009E33BF /* MapViewController.m */,
				956FFCF31B30C99500A429D8 /* DetailsViewController.h */,
				956FFCF41B30C99500A429D8 /* DetailsViewController.m */,
				95907E7B1B35A3070097040E /* BookViewController.h */,
				95907E7C1B35A3070097040E /* BookViewController.m */,
				31E07E671B36E24F00BE39CA /* DropTicketViewController.h */,
				31E07E681B36E24F00BE39CA /* DropTicketViewController.m */,
				49B787D31B372179004EA347 /* UserImagePickerViewController.h */,
				49B787D41B372179004EA347 /* UserImagePickerViewController.m */,
			);
			name = "View Controllers";
			sourceTree = "<group>";
		};
		31B20C2D1B27206000247370 /* Cells */ = {
			isa = PBXGroup;
			children = (
				31B20C2A1B271EEC00247370 /* MovieCell.h */,
				31B20C2B1B271EEC00247370 /* MovieCell.m */,
				956FFCEA1B2EE9B300A429D8 /* DayCell.h */,
				956FFCEB1B2EE9B300A429D8 /* DayCell.m */,
			);
			name = Cells;
			sourceTree = "<group>";
		};
		31B20C2E1B27206A00247370 /* Custom Views */ = {
			isa = PBXGroup;
			children = (
				31B20C271B271DC500247370 /* RatingView.h */,
				31B20C281B271DC500247370 /* RatingView.m */,
				31BD42BE1B2977BB0095770F /* TicketsView.h */,
				31BD42BF1B2977BB0095770F /* TicketsView.m */,
				314384DB1B32D23F006B4B6C /* StartRatingControl.h */,
				314384DC1B32D23F006B4B6C /* StartRatingControl.m */,
				95907E781B359E740097040E /* SeatPickerControl.h */,
				95907E791B359E740097040E /* SeatPickerControl.m */,
			);
			name = "Custom Views";
			sourceTree = "<group>";
		};
		49C09E021B3438B100E2AF0D /* CinemaPickerView */ = {
			isa = PBXGroup;
			children = (
				49C09E091B343DEA00E2AF0D /* CinemaPickerView.h */,
				49C09E0A1B343DEA00E2AF0D /* CinemaPickerView.m */,
			);
			name = CinemaPickerView;
			sourceTree = "<group>";
		};
		49C88D5A1B28439400FCFFA8 /* Controllers */ = {
			isa = PBXGroup;
			children = (
				9517C3011B11FB3A00542CE1 /* AppDelegate.h */,
				9517C3021B11FB3A00542CE1 /* AppDelegate.m */,
				95E727641B299DCC007C62AA /* ParseInfo.h */,
				95E727651B299DCC007C62AA /* ParseInfo.m */,
				956FFCE71B2E22C900A429D8 /* VVKCinemaInfo.h */,
				956FFCE81B2E22C900A429D8 /* VVKCinemaInfo.m */,
				956FFCF01B2F0CE300A429D8 /* CoreDataInfo.h */,
				956FFCF11B2F0CE300A429D8 /* CoreDataInfo.m */,
			);
			name = Controllers;
			sourceTree = "<group>";
		};
		950F187D1B20A1B9008E075D /* CDModels */ = {
			isa = PBXGroup;
			children = (
				95957DC71B38ADC50027AE3C /* User.h */,
				95957DC81B38ADC50027AE3C /* User.m */,
				95957DBE1B3825680027AE3C /* Ticket.h */,
				95957DBF1B3825680027AE3C /* Ticket.m */,
				95907E751B34878B0097040E /* Projection.h */,
				95907E761B34878B0097040E /* Projection.m */,
				956FFCE41B2E1EB200A429D8 /* Movie.h */,
				956FFCE51B2E1EB200A429D8 /* Movie.m */,
				95E7278E1B2B3F3C007C62AA /* TicketType.h */,
				95E7278F1B2B3F3C007C62AA /* TicketType.m */,
				95E7278B1B2B3C2A007C62AA /* Seat.h */,
				95E7278C1B2B3C2A007C62AA /* Seat.m */,
				95E727851B2B306C007C62AA /* ProjectionType.h */,
				95E727861B2B306C007C62AA /* ProjectionType.m */,
				95E727821B2B2A8E007C62AA /* Hall.h */,
				95E727831B2B2A8E007C62AA /* Hall.m */,
				95E7277F1B2B29D0007C62AA /* Genre.h */,
				95E727801B2B29D0007C62AA /* Genre.m */,
				95E727791B2B27D2007C62AA /* Actor.h */,
				95E7277A1B2B27D2007C62AA /* Actor.m */,
				95E727731B29EE0A007C62AA /* Language.h */,
				95E727741B29EE0A007C62AA /* Language.m */,
				95E727701B29ED13007C62AA /* Director.h */,
				95E727711B29ED13007C62AA /* Director.m */,
				95E7276D1B29EB8C007C62AA /* Country.h */,
				95E7276E1B29EB8C007C62AA /* Country.m */,
			);
			name = CDModels;
			sourceTree = "<group>";
		};
		9517C2F11B11FB3A00542CE1 = {
			isa = PBXGroup;
			children = (
				956FFCFF1B330BFC00A429D8 /* Frameworks */,
				9517C2FC1B11FB3A00542CE1 /* VVKCinema */,
				9517C3191B11FB3A00542CE1 /* VVKCinemaTests */,
				9517C2FB1B11FB3A00542CE1 /* Products */,
			);
			sourceTree = "<group>";
		};
		9517C2FB1B11FB3A00542CE1 /* Products */ = {
			isa = PBXGroup;
			children = (
				9517C2FA1B11FB3A00542CE1 /* VVKCinema.app */,
				9517C3161B11FB3A00542CE1 /* VVKCinemaTests.xctest */,
			);
			name = Products;
			sourceTree = "<group>";
		};
		9517C2FC1B11FB3A00542CE1 /* VVKCinema */ = {
			isa = PBXGroup;
			children = (
				9517C30A1B11FB3A00542CE1 /* Main.storyboard */,
				9517C3041B11FB3A00542CE1 /* VVKCinema.xcdatamodeld */,
				31B20C3C1B274DAF00247370 /* Images.xcassets */,
				49C09E021B3438B100E2AF0D /* CinemaPickerView */,
				49C88D5A1B28439400FCFFA8 /* Controllers */,
				950F187D1B20A1B9008E075D /* CDModels */,
				313FA61F1B279E6B0095A365 /* View Controllers */,
				313FA61E1B2798890095A365 /* Transition Animator */,
				31B20C2D1B27206000247370 /* Cells */,
				31B20C2E1B27206A00247370 /* Custom Views */,
				9517C2FD1B11FB3A00542CE1 /* Supporting Files */,
			);
			path = VVKCinema;
			sourceTree = "<group>";
		};
		9517C2FD1B11FB3A00542CE1 /* Supporting Files */ = {
			isa = PBXGroup;
			children = (
				9517C30F1B11FB3A00542CE1 /* LaunchScreen.xib */,
				9517C2FE1B11FB3A00542CE1 /* Info.plist */,
				9517C2FF1B11FB3A00542CE1 /* main.m */,
			);
			name = "Supporting Files";
			sourceTree = "<group>";
		};
		9517C3191B11FB3A00542CE1 /* VVKCinemaTests */ = {
			isa = PBXGroup;
			children = (
				9517C31C1B11FB3A00542CE1 /* VVKCinemaTests.m */,
				9517C31A1B11FB3A00542CE1 /* Supporting Files */,
			);
			path = VVKCinemaTests;
			sourceTree = "<group>";
		};
		9517C31A1B11FB3A00542CE1 /* Supporting Files */ = {
			isa = PBXGroup;
			children = (
				9517C31B1B11FB3A00542CE1 /* Info.plist */,
			);
			name = "Supporting Files";
			sourceTree = "<group>";
		};
		956FFCFF1B330BFC00A429D8 /* Frameworks */ = {
			isa = PBXGroup;
			children = (
				49C4D0D71B2AB2B5009E33BF /* MapKit.framework */,
				956FFD001B330FDA00A429D8 /* FBSDKCoreKit.framework */,
				956FFD011B330FDA00A429D8 /* FBSDKLoginKit.framework */,
				956FFD021B330FDA00A429D8 /* FBSDKShareKit.framework */,
			);
			name = Frameworks;
			sourceTree = "<group>";
		};
/* End PBXGroup section */

/* Begin PBXNativeTarget section */
		9517C2F91B11FB3A00542CE1 /* VVKCinema */ = {
			isa = PBXNativeTarget;
			buildConfigurationList = 9517C3201B11FB3A00542CE1 /* Build configuration list for PBXNativeTarget "VVKCinema" */;
			buildPhases = (
				9517C2F61B11FB3A00542CE1 /* Sources */,
				9517C2F71B11FB3A00542CE1 /* Frameworks */,
				9517C2F81B11FB3A00542CE1 /* Resources */,
			);
			buildRules = (
			);
			dependencies = (
			);
			name = VVKCinema;
			productName = VVKCinema;
			productReference = 9517C2FA1B11FB3A00542CE1 /* VVKCinema.app */;
			productType = "com.apple.product-type.application";
		};
		9517C3151B11FB3A00542CE1 /* VVKCinemaTests */ = {
			isa = PBXNativeTarget;
			buildConfigurationList = 9517C3231B11FB3A00542CE1 /* Build configuration list for PBXNativeTarget "VVKCinemaTests" */;
			buildPhases = (
				9517C3121B11FB3A00542CE1 /* Sources */,
				9517C3131B11FB3A00542CE1 /* Frameworks */,
				9517C3141B11FB3A00542CE1 /* Resources */,
			);
			buildRules = (
			);
			dependencies = (
				9517C3181B11FB3A00542CE1 /* PBXTargetDependency */,
			);
			name = VVKCinemaTests;
			productName = VVKCinemaTests;
			productReference = 9517C3161B11FB3A00542CE1 /* VVKCinemaTests.xctest */;
			productType = "com.apple.product-type.bundle.unit-test";
		};
/* End PBXNativeTarget section */

/* Begin PBXProject section */
		9517C2F21B11FB3A00542CE1 /* Project object */ = {
			isa = PBXProject;
			attributes = {
				LastUpgradeCheck = 0630;
				ORGANIZATIONNAME = VVK;
				TargetAttributes = {
					9517C2F91B11FB3A00542CE1 = {
						CreatedOnToolsVersion = 6.3.2;
					};
					9517C3151B11FB3A00542CE1 = {
						CreatedOnToolsVersion = 6.3.2;
						TestTargetID = 9517C2F91B11FB3A00542CE1;
					};
				};
			};
			buildConfigurationList = 9517C2F51B11FB3A00542CE1 /* Build configuration list for PBXProject "VVKCinema" */;
			compatibilityVersion = "Xcode 3.2";
			developmentRegion = English;
			hasScannedForEncodings = 0;
			knownRegions = (
				en,
				Base,
			);
			mainGroup = 9517C2F11B11FB3A00542CE1;
			productRefGroup = 9517C2FB1B11FB3A00542CE1 /* Products */;
			projectDirPath = "";
			projectRoot = "";
			targets = (
				9517C2F91B11FB3A00542CE1 /* VVKCinema */,
				9517C3151B11FB3A00542CE1 /* VVKCinemaTests */,
			);
		};
/* End PBXProject section */

/* Begin PBXResourcesBuildPhase section */
		9517C2F81B11FB3A00542CE1 /* Resources */ = {
			isa = PBXResourcesBuildPhase;
			buildActionMask = 2147483647;
			files = (
				31B20C3D1B274DAF00247370 /* Images.xcassets in Resources */,
				9517C30C1B11FB3A00542CE1 /* Main.storyboard in Resources */,
				9517C3111B11FB3A00542CE1 /* LaunchScreen.xib in Resources */,
			);
			runOnlyForDeploymentPostprocessing = 0;
		};
		9517C3141B11FB3A00542CE1 /* Resources */ = {
			isa = PBXResourcesBuildPhase;
			buildActionMask = 2147483647;
			files = (
			);
			runOnlyForDeploymentPostprocessing = 0;
		};
/* End PBXResourcesBuildPhase section */

/* Begin PBXSourcesBuildPhase section */
		9517C2F61B11FB3A00542CE1 /* Sources */ = {
			isa = PBXSourcesBuildPhase;
			buildActionMask = 2147483647;
			files = (
				95E7276F1B29EB8C007C62AA /* Country.m in Sources */,
				956FFCFB1B322A0B00A429D8 /* RegisterViewController.m in Sources */,
				95E727901B2B3F3C007C62AA /* TicketType.m in Sources */,
				314384DD1B32D23F006B4B6C /* StartRatingControl.m in Sources */,
				31E07E661B36E1B000BE39CA /* DropTransitionAnimator.m in Sources */,
				31E07E691B36E24F00BE39CA /* DropTicketViewController.m in Sources */,
				956FFCE61B2E1EB200A429D8 /* Movie.m in Sources */,
				49C88D5D1B28510300FCFFA8 /* GenreViewController.m in Sources */,
				95957DC91B38ADC50027AE3C /* User.m in Sources */,
				49C09E0B1B343DEA00E2AF0D /* CinemaPickerView.m in Sources */,
				31B20C2C1B271EEC00247370 /* MovieCell.m in Sources */,
				95E727841B2B2A8E007C62AA /* Hall.m in Sources */,
				95E7278D1B2B3C2A007C62AA /* Seat.m in Sources */,
				9517C3031B11FB3A00542CE1 /* AppDelegate.m in Sources */,
				313FA61A1B2797FF0095A365 /* DaysViewController.m in Sources */,
				9517C3061B11FB3A00542CE1 /* VVKCinema.xcdatamodeld in Sources */,
				95E727751B29EE0A007C62AA /* Language.m in Sources */,
				313FA61D1B2798790095A365 /* TransitionAnimator.m in Sources */,
				95957DC01B3825680027AE3C /* Ticket.m in Sources */,
				31BD42C01B2977BB0095770F /* TicketsView.m in Sources */,
				95E727811B2B29D0007C62AA /* Genre.m in Sources */,
				313742B41B27FF2900E3DF58 /* TypeViewController.m in Sources */,
				95907E771B34878B0097040E /* Projection.m in Sources */,
				9517C3091B11FB3A00542CE1 /* ViewController.m in Sources */,
				95E7277B1B2B27D2007C62AA /* Actor.m in Sources */,
				95907E7D1B35A3070097040E /* BookViewController.m in Sources */,
				31B20C381B2739E400247370 /* AccountViewController.m in Sources */,
				31B20C291B271DC500247370 /* RatingView.m in Sources */,
				956FFCEC1B2EE9B300A429D8 /* DayCell.m in Sources */,
				49C4D0D61B2AAF20009E33BF /* MapViewController.m in Sources */,
				956FFCF51B30C99500A429D8 /* DetailsViewController.m in Sources */,
				956FFCF21B2F0CE300A429D8 /* CoreDataInfo.m in Sources */,
				49B787D51B372179004EA347 /* UserImagePickerViewController.m in Sources */,
				31B20C351B272A6B00247370 /* SortOptionsViewController.m in Sources */,
				95907E7A1B359E740097040E /* SeatPickerControl.m in Sources */,
				956FFCE91B2E22C900A429D8 /* VVKCinemaInfo.m in Sources */,
				95E727661B299DCC007C62AA /* ParseInfo.m in Sources */,
				95E727721B29ED13007C62AA /* Director.m in Sources */,
				31B20C3B1B273A7000247370 /* LoginViewController.m in Sources */,
				95E727871B2B306C007C62AA /* ProjectionType.m in Sources */,
				9517C3001B11FB3A00542CE1 /* main.m in Sources */,
			);
			runOnlyForDeploymentPostprocessing = 0;
		};
		9517C3121B11FB3A00542CE1 /* Sources */ = {
			isa = PBXSourcesBuildPhase;
			buildActionMask = 2147483647;
			files = (
				9517C31D1B11FB3A00542CE1 /* VVKCinemaTests.m in Sources */,
			);
			runOnlyForDeploymentPostprocessing = 0;
		};
/* End PBXSourcesBuildPhase section */

/* Begin PBXTargetDependency section */
		9517C3181B11FB3A00542CE1 /* PBXTargetDependency */ = {
			isa = PBXTargetDependency;
			target = 9517C2F91B11FB3A00542CE1 /* VVKCinema */;
			targetProxy = 9517C3171B11FB3A00542CE1 /* PBXContainerItemProxy */;
		};
/* End PBXTargetDependency section */

/* Begin PBXVariantGroup section */
		9517C30A1B11FB3A00542CE1 /* Main.storyboard */ = {
			isa = PBXVariantGroup;
			children = (
				9517C30B1B11FB3A00542CE1 /* Base */,
			);
			name = Main.storyboard;
			sourceTree = "<group>";
		};
		9517C30F1B11FB3A00542CE1 /* LaunchScreen.xib */ = {
			isa = PBXVariantGroup;
			children = (
				9517C3101B11FB3A00542CE1 /* Base */,
			);
			name = LaunchScreen.xib;
			sourceTree = "<group>";
		};
/* End PBXVariantGroup section */

/* Begin XCBuildConfiguration section */
		9517C31E1B11FB3A00542CE1 /* Debug */ = {
			isa = XCBuildConfiguration;
			buildSettings = {
				ALWAYS_SEARCH_USER_PATHS = NO;
				CLANG_CXX_LANGUAGE_STANDARD = "gnu++0x";
				CLANG_CXX_LIBRARY = "libc++";
				CLANG_ENABLE_MODULES = YES;
				CLANG_ENABLE_OBJC_ARC = YES;
				CLANG_WARN_BOOL_CONVERSION = YES;
				CLANG_WARN_CONSTANT_CONVERSION = YES;
				CLANG_WARN_DIRECT_OBJC_ISA_USAGE = YES_ERROR;
				CLANG_WARN_EMPTY_BODY = YES;
				CLANG_WARN_ENUM_CONVERSION = YES;
				CLANG_WARN_INT_CONVERSION = YES;
				CLANG_WARN_OBJC_ROOT_CLASS = YES_ERROR;
				CLANG_WARN_UNREACHABLE_CODE = YES;
				CLANG_WARN__DUPLICATE_METHOD_MATCH = YES;
				"CODE_SIGN_IDENTITY[sdk=iphoneos*]" = "iPhone Developer";
				COPY_PHASE_STRIP = NO;
				DEBUG_INFORMATION_FORMAT = "dwarf-with-dsym";
				ENABLE_STRICT_OBJC_MSGSEND = YES;
				GCC_C_LANGUAGE_STANDARD = gnu99;
				GCC_DYNAMIC_NO_PIC = NO;
				GCC_NO_COMMON_BLOCKS = YES;
				GCC_OPTIMIZATION_LEVEL = 0;
				GCC_PREPROCESSOR_DEFINITIONS = (
					"DEBUG=1",
					"$(inherited)",
				);
				GCC_SYMBOLS_PRIVATE_EXTERN = NO;
				GCC_WARN_64_TO_32_BIT_CONVERSION = YES;
				GCC_WARN_ABOUT_RETURN_TYPE = YES_ERROR;
				GCC_WARN_UNDECLARED_SELECTOR = YES;
				GCC_WARN_UNINITIALIZED_AUTOS = YES_AGGRESSIVE;
				GCC_WARN_UNUSED_FUNCTION = YES;
				GCC_WARN_UNUSED_VARIABLE = YES;
				IPHONEOS_DEPLOYMENT_TARGET = 8.3;
				MTL_ENABLE_DEBUG_INFO = YES;
				ONLY_ACTIVE_ARCH = YES;
				SDKROOT = iphoneos;
				TARGETED_DEVICE_FAMILY = "1,2";
			};
			name = Debug;
		};
		9517C31F1B11FB3A00542CE1 /* Release */ = {
			isa = XCBuildConfiguration;
			buildSettings = {
				ALWAYS_SEARCH_USER_PATHS = NO;
				CLANG_CXX_LANGUAGE_STANDARD = "gnu++0x";
				CLANG_CXX_LIBRARY = "libc++";
				CLANG_ENABLE_MODULES = YES;
				CLANG_ENABLE_OBJC_ARC = YES;
				CLANG_WARN_BOOL_CONVERSION = YES;
				CLANG_WARN_CONSTANT_CONVERSION = YES;
				CLANG_WARN_DIRECT_OBJC_ISA_USAGE = YES_ERROR;
				CLANG_WARN_EMPTY_BODY = YES;
				CLANG_WARN_ENUM_CONVERSION = YES;
				CLANG_WARN_INT_CONVERSION = YES;
				CLANG_WARN_OBJC_ROOT_CLASS = YES_ERROR;
				CLANG_WARN_UNREACHABLE_CODE = YES;
				CLANG_WARN__DUPLICATE_METHOD_MATCH = YES;
				"CODE_SIGN_IDENTITY[sdk=iphoneos*]" = "iPhone Developer";
				COPY_PHASE_STRIP = NO;
				DEBUG_INFORMATION_FORMAT = "dwarf-with-dsym";
				ENABLE_NS_ASSERTIONS = NO;
				ENABLE_STRICT_OBJC_MSGSEND = YES;
				GCC_C_LANGUAGE_STANDARD = gnu99;
				GCC_NO_COMMON_BLOCKS = YES;
				GCC_WARN_64_TO_32_BIT_CONVERSION = YES;
				GCC_WARN_ABOUT_RETURN_TYPE = YES_ERROR;
				GCC_WARN_UNDECLARED_SELECTOR = YES;
				GCC_WARN_UNINITIALIZED_AUTOS = YES_AGGRESSIVE;
				GCC_WARN_UNUSED_FUNCTION = YES;
				GCC_WARN_UNUSED_VARIABLE = YES;
				IPHONEOS_DEPLOYMENT_TARGET = 8.3;
				MTL_ENABLE_DEBUG_INFO = NO;
				SDKROOT = iphoneos;
				TARGETED_DEVICE_FAMILY = "1,2";
				VALIDATE_PRODUCT = YES;
			};
			name = Release;
		};
		9517C3211B11FB3A00542CE1 /* Debug */ = {
			isa = XCBuildConfiguration;
			buildSettings = {
				ASSETCATALOG_COMPILER_APPICON_NAME = AppIcon;
				FRAMEWORK_SEARCH_PATHS = (
					"$(inherited)",
					"$(PROJECT_DIR)/Frameworks",
				);
				INFOPLIST_FILE = VVKCinema/Info.plist;
				IPHONEOS_DEPLOYMENT_TARGET = 8.2;
				LD_RUNPATH_SEARCH_PATHS = "$(inherited) @executable_path/Frameworks";
				PRODUCT_NAME = "$(TARGET_NAME)";
			};
			name = Debug;
		};
		9517C3221B11FB3A00542CE1 /* Release */ = {
			isa = XCBuildConfiguration;
			buildSettings = {
				ASSETCATALOG_COMPILER_APPICON_NAME = AppIcon;
				FRAMEWORK_SEARCH_PATHS = (
					"$(inherited)",
					"$(PROJECT_DIR)/Frameworks",
				);
				INFOPLIST_FILE = VVKCinema/Info.plist;
				IPHONEOS_DEPLOYMENT_TARGET = 8.2;
				LD_RUNPATH_SEARCH_PATHS = "$(inherited) @executable_path/Frameworks";
				PRODUCT_NAME = "$(TARGET_NAME)";
			};
			name = Release;
		};
		9517C3241B11FB3A00542CE1 /* Debug */ = {
			isa = XCBuildConfiguration;
			buildSettings = {
				BUNDLE_LOADER = "$(TEST_HOST)";
				FRAMEWORK_SEARCH_PATHS = (
					"$(SDKROOT)/Developer/Library/Frameworks",
					"$(inherited)",
				);
				GCC_PREPROCESSOR_DEFINITIONS = (
					"DEBUG=1",
					"$(inherited)",
				);
				INFOPLIST_FILE = VVKCinemaTests/Info.plist;
				IPHONEOS_DEPLOYMENT_TARGET = 8.2;
				LD_RUNPATH_SEARCH_PATHS = "$(inherited) @executable_path/Frameworks @loader_path/Frameworks";
				PRODUCT_NAME = "$(TARGET_NAME)";
				TEST_HOST = "$(BUILT_PRODUCTS_DIR)/VVKCinema.app/VVKCinema";
			};
			name = Debug;
		};
		9517C3251B11FB3A00542CE1 /* Release */ = {
			isa = XCBuildConfiguration;
			buildSettings = {
				BUNDLE_LOADER = "$(TEST_HOST)";
				FRAMEWORK_SEARCH_PATHS = (
					"$(SDKROOT)/Developer/Library/Frameworks",
					"$(inherited)",
				);
				INFOPLIST_FILE = VVKCinemaTests/Info.plist;
				IPHONEOS_DEPLOYMENT_TARGET = 8.2;
				LD_RUNPATH_SEARCH_PATHS = "$(inherited) @executable_path/Frameworks @loader_path/Frameworks";
				PRODUCT_NAME = "$(TARGET_NAME)";
				TEST_HOST = "$(BUILT_PRODUCTS_DIR)/VVKCinema.app/VVKCinema";
			};
			name = Release;
		};
/* End XCBuildConfiguration section */

/* Begin XCConfigurationList section */
		9517C2F51B11FB3A00542CE1 /* Build configuration list for PBXProject "VVKCinema" */ = {
			isa = XCConfigurationList;
			buildConfigurations = (
				9517C31E1B11FB3A00542CE1 /* Debug */,
				9517C31F1B11FB3A00542CE1 /* Release */,
			);
			defaultConfigurationIsVisible = 0;
			defaultConfigurationName = Release;
		};
		9517C3201B11FB3A00542CE1 /* Build configuration list for PBXNativeTarget "VVKCinema" */ = {
			isa = XCConfigurationList;
			buildConfigurations = (
				9517C3211B11FB3A00542CE1 /* Debug */,
				9517C3221B11FB3A00542CE1 /* Release */,
			);
			defaultConfigurationIsVisible = 0;
			defaultConfigurationName = Release;
		};
		9517C3231B11FB3A00542CE1 /* Build configuration list for PBXNativeTarget "VVKCinemaTests" */ = {
			isa = XCConfigurationList;
			buildConfigurations = (
				9517C3241B11FB3A00542CE1 /* Debug */,
				9517C3251B11FB3A00542CE1 /* Release */,
			);
			defaultConfigurationIsVisible = 0;
			defaultConfigurationName = Release;
		};
/* End XCConfigurationList section */

/* Begin XCVersionGroup section */
		9517C3041B11FB3A00542CE1 /* VVKCinema.xcdatamodeld */ = {
			isa = XCVersionGroup;
			children = (
				9517C3051B11FB3A00542CE1 /* VVKCinema.xcdatamodel */,
			);
			currentVersion = 9517C3051B11FB3A00542CE1 /* VVKCinema.xcdatamodel */;
			path = VVKCinema.xcdatamodeld;
			sourceTree = "<group>";
			versionGroupType = wrapper.xcdatamodel;
		};
/* End XCVersionGroup section */
	};
	rootObject = 9517C2F21B11FB3A00542CE1 /* Project object */;
}
